// !$*UTF8*$!
{
	archiveVersion = 1;
	classes = {
	};
	objectVersion = 50;
	objects = {

/* Begin PBXBuildFile section */
		9516F841243DD8B700A3782B /* AppDelegate.swift in Sources */ = {isa = PBXBuildFile; fileRef = 9516F840243DD8B700A3782B /* AppDelegate.swift */; };
		9516F845243DD8B700A3782B /* ViewController.swift in Sources */ = {isa = PBXBuildFile; fileRef = 9516F844243DD8B700A3782B /* ViewController.swift */; };
		9516F848243DD8B700A3782B /* Main.storyboard in Resources */ = {isa = PBXBuildFile; fileRef = 9516F846243DD8B700A3782B /* Main.storyboard */; };
		9516F84A243DD8BB00A3782B /* Assets.xcassets in Resources */ = {isa = PBXBuildFile; fileRef = 9516F849243DD8BB00A3782B /* Assets.xcassets */; };
		9516F84D243DD8BB00A3782B /* LaunchScreen.storyboard in Resources */ = {isa = PBXBuildFile; fileRef = 9516F84B243DD8BB00A3782B /* LaunchScreen.storyboard */; };
		9516F857243DE3BC00A3782B /* SceneDelegate.swift in Sources */ = {isa = PBXBuildFile; fileRef = 9516F856243DE3BC00A3782B /* SceneDelegate.swift */; };
		959849032490C8D200CE6259 /* TLVideoViewController.swift in Sources */ = {isa = PBXBuildFile; fileRef = 959849022490C8D200CE6259 /* TLVideoViewController.swift */; };
		959849052490CD5900CE6259 /* TLRecordView.swift in Sources */ = {isa = PBXBuildFile; fileRef = 959849042490CD5900CE6259 /* TLRecordView.swift */; };
/* End PBXBuildFile section */

/* Begin PBXFileReference section */
		9516F83D243DD8B700A3782B /* TLVideoTranscribe.app */ = {isa = PBXFileReference; explicitFileType = wrapper.application; includeInIndex = 0; path = TLVideoTranscribe.app; sourceTree = BUILT_PRODUCTS_DIR; };
		9516F840243DD8B700A3782B /* AppDelegate.swift */ = {isa = PBXFileReference; lastKnownFileType = sourcecode.swift; path = AppDelegate.swift; sourceTree = "<group>"; };
		9516F844243DD8B700A3782B /* ViewController.swift */ = {isa = PBXFileReference; lastKnownFileType = sourcecode.swift; path = ViewController.swift; sourceTree = "<group>"; };
		9516F847243DD8B700A3782B /* Base */ = {isa = PBXFileReference; lastKnownFileType = file.storyboard; name = Base; path = Base.lproj/Main.storyboard; sourceTree = "<group>"; };
		9516F849243DD8BB00A3782B /* Assets.xcassets */ = {isa = PBXFileReference; lastKnownFileType = folder.assetcatalog; path = Assets.xcassets; sourceTree = "<group>"; };
		9516F84C243DD8BB00A3782B /* Base */ = {isa = PBXFileReference; lastKnownFileType = file.storyboard; name = Base; path = Base.lproj/LaunchScreen.storyboard; sourceTree = "<group>"; };
		9516F84E243DD8BB00A3782B /* Info.plist */ = {isa = PBXFileReference; lastKnownFileType = text.plist.xml; path = Info.plist; sourceTree = "<group>"; };
		9516F856243DE3BC00A3782B /* SceneDelegate.swift */ = {isa = PBXFileReference; fileEncoding = 4; lastKnownFileType = sourcecode.swift; path = SceneDelegate.swift; sourceTree = "<group>"; };
		959849022490C8D200CE6259 /* TLVideoViewController.swift */ = {isa = PBXFileReference; fileEncoding = 4; lastKnownFileType = sourcecode.swift; path = TLVideoViewController.swift; sourceTree = "<group>"; };
		959849042490CD5900CE6259 /* TLRecordView.swift */ = {isa = PBXFileReference; lastKnownFileType = sourcecode.swift; path = TLRecordView.swift; sourceTree = "<group>"; };
/* End PBXFileReference section */

/* Begin PBXFrameworksBuildPhase section */
		9516F83A243DD8B700A3782B /* Frameworks */ = {
			isa = PBXFrameworksBuildPhase;
			buildActionMask = 2147483647;
			files = (
			);
			runOnlyForDeploymentPostprocessing = 0;
		};
/* End PBXFrameworksBuildPhase section */

/* Begin PBXGroup section */
		9516F834243DD8B700A3782B = {
			isa = PBXGroup;
			children = (
				9516F83F243DD8B700A3782B /* TLVideoTranscribe */,
				9516F83E243DD8B700A3782B /* Products */,
			);
			sourceTree = "<group>";
		};
		9516F83E243DD8B700A3782B /* Products */ = {
			isa = PBXGroup;
			children = (
				9516F83D243DD8B700A3782B /* TLVideoTranscribe.app */,
			);
			name = Products;
			sourceTree = "<group>";
		};
		9516F83F243DD8B700A3782B /* TLVideoTranscribe */ = {
			isa = PBXGroup;
			children = (
				959849012490C8D200CE6259 /* Classes */,
				9516F840243DD8B700A3782B /* AppDelegate.swift */,
				9516F844243DD8B700A3782B /* ViewController.swift */,
				9516F856243DE3BC00A3782B /* SceneDelegate.swift */,
				9516F846243DD8B700A3782B /* Main.storyboard */,
				9516F849243DD8BB00A3782B /* Assets.xcassets */,
				9516F84B243DD8BB00A3782B /* LaunchScreen.storyboard */,
				9516F84E243DD8BB00A3782B /* Info.plist */,
			);
			path = TLVideoTranscribe;
			sourceTree = "<group>";
		};
		959849012490C8D200CE6259 /* Classes */ = {
			isa = PBXGroup;
			children = (
				959849022490C8D200CE6259 /* TLVideoViewController.swift */,
				959849042490CD5900CE6259 /* TLRecordView.swift */,
			);
			path = Classes;
			sourceTree = "<group>";
		};
/* End PBXGroup section */

/* Begin PBXNativeTarget section */
		9516F83C243DD8B700A3782B /* TLVideoTranscribe */ = {
			isa = PBXNativeTarget;
			buildConfigurationList = 9516F851243DD8BB00A3782B /* Build configuration list for PBXNativeTarget "TLVideoTranscribe" */;
			buildPhases = (
				9516F839243DD8B700A3782B /* Sources */,
				9516F83A243DD8B700A3782B /* Frameworks */,
				9516F83B243DD8B700A3782B /* Resources */,
			);
			buildRules = (
			);
			dependencies = (
			);
			name = TLVideoTranscribe;
			productName = TLVideoTranscribe;
			productReference = 9516F83D243DD8B700A3782B /* TLVideoTranscribe.app */;
			productType = "com.apple.product-type.application";
		};
/* End PBXNativeTarget section */

/* Begin PBXProject section */
		9516F835243DD8B700A3782B /* Project object */ = {
			isa = PBXProject;
			attributes = {
				LastSwiftUpdateCheck = 1140;
				LastUpgradeCheck = 1140;
				ORGANIZATIONNAME = hogoCloud;
				TargetAttributes = {
					9516F83C243DD8B700A3782B = {
						CreatedOnToolsVersion = 11.4;
					};
				};
			};
			buildConfigurationList = 9516F838243DD8B700A3782B /* Build configuration list for PBXProject "TLVideoTranscribe" */;
			compatibilityVersion = "Xcode 9.3";
			developmentRegion = en;
			hasScannedForEncodings = 0;
			knownRegions = (
				en,
				Base,
			);
			mainGroup = 9516F834243DD8B700A3782B;
			productRefGroup = 9516F83E243DD8B700A3782B /* Products */;
			projectDirPath = "";
			projectRoot = "";
			targets = (
				9516F83C243DD8B700A3782B /* TLVideoTranscribe */,
			);
		};
/* End PBXProject section */

/* Begin PBXResourcesBuildPhase section */
		9516F83B243DD8B700A3782B /* Resources */ = {
			isa = PBXResourcesBuildPhase;
			buildActionMask = 2147483647;
			files = (
				9516F84D243DD8BB00A3782B /* LaunchScreen.storyboard in Resources */,
				9516F84A243DD8BB00A3782B /* Assets.xcassets in Resources */,
				9516F848243DD8B700A3782B /* Main.storyboard in Resources */,
			);
			runOnlyForDeploymentPostprocessing = 0;
		};
/* End PBXResourcesBuildPhase section */

/* Begin PBXSourcesBuildPhase section */
		9516F839243DD8B700A3782B /* Sources */ = {
			isa = PBXSourcesBuildPhase;
			buildActionMask = 2147483647;
			files = (
				9516F845243DD8B700A3782B /* ViewController.swift in Sources */,
				959849032490C8D200CE6259 /* TLVideoViewController.swift in Sources */,
				9516F841243DD8B700A3782B /* AppDelegate.swift in Sources */,
				9516F857243DE3BC00A3782B /* SceneDelegate.swift in Sources */,
				959849052490CD5900CE6259 /* TLRecordView.swift in Sources */,
			);
			runOnlyForDeploymentPostprocessing = 0;
		};
/* End PBXSourcesBuildPhase section */

/* Begin PBXVariantGroup section */
		9516F846243DD8B700A3782B /* Main.storyboard */ = {
			isa = PBXVariantGroup;
			children = (
				9516F847243DD8B700A3782B /* Base */,
			);
			name = Main.storyboard;
			sourceTree = "<group>";
		};
		9516F84B243DD8BB00A3782B /* LaunchScreen.storyboard */ = {
			isa = PBXVariantGroup;
			children = (
				9516F84C243DD8BB00A3782B /* Base */,
			);
			name = LaunchScreen.storyboard;
			sourceTree = "<group>";
		};
/* End PBXVariantGroup section */

/* Begin XCBuildConfiguration section */
		9516F84F243DD8BB00A3782B /* Debug */ = {
			isa = XCBuildConfiguration;
			buildSettings = {
				ALWAYS_SEARCH_USER_PATHS = NO;
				CLANG_ANALYZER_NONNULL = YES;
				CLANG_ANALYZER_NUMBER_OBJECT_CONVERSION = YES_AGGRESSIVE;
				CLANG_CXX_LANGUAGE_STANDARD = "gnu++14";
				CLANG_CXX_LIBRARY = "libc++";
				CLANG_ENABLE_MODULES = YES;
				CLANG_ENABLE_OBJC_ARC = YES;
				CLANG_ENABLE_OBJC_WEAK = YES;
				CLANG_WARN_BLOCK_CAPTURE_AUTORELEASING = YES;
				CLANG_WARN_BOOL_CONVERSION = YES;
				CLANG_WARN_COMMA = YES;
				CLANG_WARN_CONSTANT_CONVERSION = YES;
				CLANG_WARN_DEPRECATED_OBJC_IMPLEMENTATIONS = YES;
				CLANG_WARN_DIRECT_OBJC_ISA_USAGE = YES_ERROR;
				CLANG_WARN_DOCUMENTATION_COMMENTS = YES;
				CLANG_WARN_EMPTY_BODY = YES;
				CLANG_WARN_ENUM_CONVERSION = YES;
				CLANG_WARN_INFINITE_RECURSION = YES;
				CLANG_WARN_INT_CONVERSION = YES;
				CLANG_WARN_NON_LITERAL_NULL_CONVERSION = YES;
				CLANG_WARN_OBJC_IMPLICIT_RETAIN_SELF = YES;
				CLANG_WARN_OBJC_LITERAL_CONVERSION = YES;
				CLANG_WARN_OBJC_ROOT_CLASS = YES_ERROR;
				CLANG_WARN_RANGE_LOOP_ANALYSIS = YES;
				CLANG_WARN_STRICT_PROTOTYPES = YES;
				CLANG_WARN_SUSPICIOUS_MOVE = YES;
				CLANG_WARN_UNGUARDED_AVAILABILITY = YES_AGGRESSIVE;
				CLANG_WARN_UNREACHABLE_CODE = YES;
				CLANG_WARN__DUPLICATE_METHOD_MATCH = YES;
				COPY_PHASE_STRIP = NO;
				DEBUG_INFORMATION_FORMAT = dwarf;
				ENABLE_STRICT_OBJC_MSGSEND = YES;
				ENABLE_TESTABILITY = YES;
				GCC_C_LANGUAGE_STANDARD = gnu11;
				GCC_DYNAMIC_NO_PIC = NO;
				GCC_NO_COMMON_BLOCKS = YES;
				GCC_OPTIMIZATION_LEVEL = 0;
				GCC_PREPROCESSOR_DEFINITIONS = (
					"DEBUG=1",
					"$(inherited)",
				);
				GCC_WARN_64_TO_32_BIT_CONVERSION = YES;
				GCC_WARN_ABOUT_RETURN_TYPE = YES_ERROR;
				GCC_WARN_UNDECLARED_SELECTOR = YES;
				GCC_WARN_UNINITIALIZED_AUTOS = YES_AGGRESSIVE;
				GCC_WARN_UNUSED_FUNCTION = YES;
				GCC_WARN_UNUSED_VARIABLE = YES;
				IPHONEOS_DEPLOYMENT_TARGET = 13.4;
				MTL_ENABLE_DEBUG_INFO = INCLUDE_SOURCE;
				MTL_FAST_MATH = YES;
				ONLY_ACTIVE_ARCH = YES;
				SDKROOT = iphoneos;
				SWIFT_ACTIVE_COMPILATION_CONDITIONS = DEBUG;
				SWIFT_OPTIMIZATION_LEVEL = "-Onone";
			};
			name = Debug;
		};
		9516F850243DD8BB00A3782B /* Release */ = {
			isa = XCBuildConfiguration;
			buildSettings = {
				ALWAYS_SEARCH_USER_PATHS = NO;
				CLANG_ANALYZER_NONNULL = YES;
				CLANG_ANALYZER_NUMBER_OBJECT_CONVERSION = YES_AGGRESSIVE;
				CLANG_CXX_LANGUAGE_STANDARD = "gnu++14";
				CLANG_CXX_LIBRARY = "libc++";
				CLANG_ENABLE_MODULES = YES;
				CLANG_ENABLE_OBJC_ARC = YES;
				CLANG_ENABLE_OBJC_WEAK = YES;
				CLANG_WARN_BLOCK_CAPTURE_AUTORELEASING = YES;
				CLANG_WARN_BOOL_CONVERSION = YES;
				CLANG_WARN_COMMA = YES;
				CLANG_WARN_CONSTANT_CONVERSION = YES;
				CLANG_WARN_DEPRECATED_OBJC_IMPLEMENTATIONS = YES;
				CLANG_WARN_DIRECT_OBJC_ISA_USAGE = YES_ERROR;
				CLANG_WARN_DOCUMENTATION_COMMENTS = YES;
				CLANG_WARN_EMPTY_BODY = YES;
				CLANG_WARN_ENUM_CONVERSION = YES;
				CLANG_WARN_INFINITE_RECURSION = YES;
				CLANG_WARN_INT_CONVERSION = YES;
				CLANG_WARN_NON_LITERAL_NULL_CONVERSION = YES;
				CLANG_WARN_OBJC_IMPLICIT_RETAIN_SELF = YES;
				CLANG_WARN_OBJC_LITERAL_CONVERSION = YES;
				CLANG_WARN_OBJC_ROOT_CLASS = YES_ERROR;
				CLANG_WARN_RANGE_LOOP_ANALYSIS = YES;
				CLANG_WARN_STRICT_PROTOTYPES = YES;
				CLANG_WARN_SUSPICIOUS_MOVE = YES;
				CLANG_WARN_UNGUARDED_AVAILABILITY = YES_AGGRESSIVE;
				CLANG_WARN_UNREACHABLE_CODE = YES;
				CLANG_WARN__DUPLICATE_METHOD_MATCH = YES;
				COPY_PHASE_STRIP = NO;
				DEBUG_INFORMATION_FORMAT = "dwarf-with-dsym";
				ENABLE_NS_ASSERTIONS = NO;
				ENABLE_STRICT_OBJC_MSGSEND = YES;
				GCC_C_LANGUAGE_STANDARD = gnu11;
				GCC_NO_COMMON_BLOCKS = YES;
				GCC_WARN_64_TO_32_BIT_CONVERSION = YES;
				GCC_WARN_ABOUT_RETURN_TYPE = YES_ERROR;
				GCC_WARN_UNDECLARED_SELECTOR = YES;
				GCC_WARN_UNINITIALIZED_AUTOS = YES_AGGRESSIVE;
				GCC_WARN_UNUSED_FUNCTION = YES;
				GCC_WARN_UNUSED_VARIABLE = YES;
				IPHONEOS_DEPLOYMENT_TARGET = 13.4;
				MTL_ENABLE_DEBUG_INFO = NO;
				MTL_FAST_MATH = YES;
				SDKROOT = iphoneos;
				SWIFT_COMPILATION_MODE = wholemodule;
				SWIFT_OPTIMIZATION_LEVEL = "-O";
				VALIDATE_PRODUCT = YES;
			};
			name = Release;
		};
		9516F852243DD8BB00A3782B /* Debug */ = {
			isa = XCBuildConfiguration;
			buildSettings = {
				ASSETCATALOG_COMPILER_APPICON_NAME = AppIcon;
				CODE_SIGN_STYLE = Automatic;
				DEVELOPMENT_TEAM = MQT797X4Y4;
				INFOPLIST_FILE = TLVideoTranscribe/Info.plist;
				IPHONEOS_DEPLOYMENT_TARGET = 13.0;
				LD_RUNPATH_SEARCH_PATHS = (
					"$(inherited)",
					"@executable_path/Frameworks",
				);
				PRODUCT_BUNDLE_IDENTIFIER = com.hogolife.link;
				PRODUCT_NAME = "$(TARGET_NAME)";
				SWIFT_VERSION = 5.0;
				TARGETED_DEVICE_FAMILY = "1,2";
			};
			name = Debug;
		};
		9516F853243DD8BB00A3782B /* Release */ = {
			isa = XCBuildConfiguration;
			buildSettings = {
				ASSETCATALOG_COMPILER_APPICON_NAME = AppIcon;
				CODE_SIGN_STYLE = Automatic;
				DEVELOPMENT_TEAM = MQT797X4Y4;
				INFOPLIST_FILE = TLVideoTranscribe/Info.plist;
				IPHONEOS_DEPLOYMENT_TARGET = 13.0;
				LD_RUNPATH_SEARCH_PATHS = (
					"$(inherited)",
					"@executable_path/Frameworks",
				);
				PRODUCT_BUNDLE_IDENTIFIER = com.hogolife.link;
				PRODUCT_NAME = "$(TARGET_NAME)";
				SWIFT_VERSION = 5.0;
				TARGETED_DEVICE_FAMILY = "1,2";
			};
			name = Release;
		};
/* End XCBuildConfiguration section */

/* Begin XCConfigurationList section */
		9516F838243DD8B700A3782B /* Build configuration list for PBXProject "TLVideoTranscribe" */ = {
			isa = XCConfigurationList;
			buildConfigurations = (
				9516F84F243DD8BB00A3782B /* Debug */,
				9516F850243DD8BB00A3782B /* Release */,
			);
			defaultConfigurationIsVisible = 0;
			defaultConfigurationName = Release;
		};
		9516F851243DD8BB00A3782B /* Build configuration list for PBXNativeTarget "TLVideoTranscribe" */ = {
			isa = XCConfigurationList;
			buildConfigurations = (
				9516F852243DD8BB00A3782B /* Debug */,
				9516F853243DD8BB00A3782B /* Release */,
			);
			defaultConfigurationIsVisible = 0;
			defaultConfigurationName = Release;
		};
/* End XCConfigurationList section */
	};
	rootObject = 9516F835243DD8B700A3782B /* Project object */;
}
